
Microsoft Visual Studio Solution File, Format Version 12.00
# Visual Studio Version 17
VisualStudioVersion = 17.5.33502.453
MinimumVisualStudioVersion = 10.0.40219.1
Project("{FAE04EC0-301F-11D3-BF4B-00C04F79EFBC}") = "ExamData", "ExamData.csproj", "{A903ED03-7004-481F-A8FD-26E1CC7811AC}"
EndProject
Project("{FAE04EC0-301F-11D3-BF4B-00C04F79EFBC}") = "ExamUnitTests", "..\ExamUnitTests\ExamUnitTests.csproj", "{CBBA6190-916E-43A4-B2C5-C6487349D1FE}"
EndProject
Global
	GlobalSection(SolutionConfigurationPlatforms) = preSolution
		Debug|Any CPU = Debug|Any CPU
		Release|Any CPU = Release|Any CPU
	EndGlobalSection
	GlobalSection(ProjectConfigurationPlatforms) = postSolution
		{A903ED03-7004-481F-A8FD-26E1CC7811AC}.Debug|Any CPU.ActiveCfg = Debug|Any CPU
		{A903ED03-7004-481F-A8FD-26E1CC7811AC}.Debug|Any CPU.Build.0 = Debug|Any CPU
		{A903ED03-7004-481F-A8FD-26E1CC7811AC}.Release|Any CPU.ActiveCfg = Release|Any CPU
		{A903ED03-7004-481F-A8FD-26E1CC7811AC}.Release|Any CPU.Build.0 = Release|Any CPU
		{CBBA6190-916E-43A4-B2C5-C6487349D1FE}.Debug|Any CPU.ActiveCfg = Debug|Any CPU
		{CBBA6190-916E-43A4-B2C5-C6487349D1FE}.Debug|Any CPU.Build.0 = Debug|Any CPU
		{CBBA6190-916E-43A4-B2C5-C6487349D1FE}.Release|Any CPU.ActiveCfg = Release|Any CPU
		{CBBA6190-916E-43A4-B2C5-C6487349D1FE}.Release|Any CPU.Build.0 = Release|Any CPU
	EndGlobalSection
	GlobalSection(SolutionProperties) = preSolution
		HideSolutionNode = FALSE
	EndGlobalSection
	GlobalSection(ExtensibilityGlobals) = postSolution
		SolutionGuid = {0EBAB9D2-0C1B-4170-826D-508AEAC22E62}
	EndGlobalSection
EndGlobal
